
Microsoft Visual Studio Solution File, Format Version 12.00
# Visual Studio 14
VisualStudioVersion = 14.0.24720.0
MinimumVisualStudioVersion = 10.0.40219.1
Project("{FAE04EC0-301F-11D3-BF4B-00C04F79EFBC}") = "Jhin As The Virtuoso", "Jhin As The Virtuoso\Jhin As The Virtuoso.csproj", "{58BE8148-34E5-46A7-AB6B-995875981EF3}"
EndProject
Global
	GlobalSection(SolutionConfigurationPlatforms) = preSolution
		Debug|Any CPU = Debug|Any CPU
		Release|Any CPU = Release|Any CPU
	EndGlobalSection
	GlobalSection(ProjectConfigurationPlatforms) = postSolution
		{58BE8148-34E5-46A7-AB6B-995875981EF3}.Debug|Any CPU.ActiveCfg = Debug|Any CPU
		{58BE8148-34E5-46A7-AB6B-995875981EF3}.Debug|Any CPU.Build.0 = Debug|Any CPU
		{58BE8148-34E5-46A7-AB6B-995875981EF3}.Release|Any CPU.ActiveCfg = Release|Any CPU
		{58BE8148-34E5-46A7-AB6B-995875981EF3}.Release|Any CPU.Build.0 = Release|Any CPU
	EndGlobalSection
	GlobalSection(SolutionProperties) = preSolution
		HideSolutionNode = FALSE
	EndGlobalSection
EndGlobal
